
Microsoft Visual Studio Solution File, Format Version 12.00
# Visual Studio Version 17
VisualStudioVersion = 17.14.36623.8 d17.14
MinimumVisualStudioVersion = 10.0.40219.1
Project("{FAE04EC0-301F-11D3-BF4B-00C04F79EFBC}") = "UTSTransit", "UTSTransit\UTSTransit.csproj", "{60AE02F0-C89D-40AE-AE38-BF0E3E79076E}"
EndProject
Global
	GlobalSection(SolutionConfigurationPlatforms) = preSolution
		Debug|Any CPU = Debug|Any CPU
		Release|Any CPU = Release|Any CPU
	EndGlobalSection
	GlobalSection(ProjectConfigurationPlatforms) = postSolution
		{60AE02F0-C89D-40AE-AE38-BF0E3E79076E}.Debug|Any CPU.ActiveCfg = Debug|Any CPU
		{60AE02F0-C89D-40AE-AE38-BF0E3E79076E}.Debug|Any CPU.Build.0 = Debug|Any CPU
		{60AE02F0-C89D-40AE-AE38-BF0E3E79076E}.Release|Any CPU.ActiveCfg = Release|Any CPU
		{60AE02F0-C89D-40AE-AE38-BF0E3E79076E}.Release|Any CPU.Build.0 = Release|Any CPU
	EndGlobalSection
	GlobalSection(SolutionProperties) = preSolution
		HideSolutionNode = FALSE
	EndGlobalSection
	GlobalSection(ExtensibilityGlobals) = postSolution
		SolutionGuid = {D4F6F304-AAD1-4949-8A4A-EAED8FD50B4B}
	EndGlobalSection
EndGlobal
